
Microsoft Visual Studio Solution File, Format Version 12.00
# Visual Studio Version 18
VisualStudioVersion = 18.1.11312.151
MinimumVisualStudioVersion = 10.0.40219.1
Project("{2150E333-8FDC-42A3-9474-1A3956D46DE8}") = "@shell", "@shell", "{BFFB7EE8-99A4-472C-9DD5-9042044E05D1}"
EndProject
Project("{2150E333-8FDC-42A3-9474-1A3956D46DE8}") = "@local", "@local", "{04859EFB-024C-4BB7-9199-C52F22B616F5}"
EndProject
Project("{2150E333-8FDC-42A3-9474-1A3956D46DE8}") = "@modules", "@modules", "{C41592FD-8877-4386-A421-543DBFCBB5CC}"
EndProject
Project("{FAE04EC0-301F-11D3-BF4B-00C04F79EFBC}") = "UKHO.ADDS.Management", "src\Shell\UKHO.ADDS.Management\UKHO.ADDS.Management.csproj", "{1F6C8111-FF5B-47E0-B6CC-831E809FE8F1}"
EndProject
Project("{FAE04EC0-301F-11D3-BF4B-00C04F79EFBC}") = "UKHO.ADDS.Management.Shell", "src\Shell\UKHO.ADDS.Management.Shell\UKHO.ADDS.Management.Shell.csproj", "{D8D8B65A-9D1D-4F6F-BD19-0BCDD7A798D6}"
EndProject
Project("{FAE04EC0-301F-11D3-BF4B-00C04F79EFBC}") = "UKHO.ADDS.Management.Host", "src\Shell\UKHO.ADDS.Management.Host\UKHO.ADDS.Management.Host.csproj", "{A5527CD6-18A4-4AE8-9E53-544236720EB5}"
EndProject
Project("{2150E333-8FDC-42A3-9474-1A3956D46DE8}") = "@mock", "@mock", "{A69C852C-368A-4E76-945B-E2E55B59EF8A}"
EndProject
Project("{FAE04EC0-301F-11D3-BF4B-00C04F79EFBC}") = "UKHO.ADDS.Mocks", "mock\repo\src\UKHO.ADDS.Mocks\UKHO.ADDS.Mocks.csproj", "{0FE0F9B2-6DAB-439E-9B51-781236F9F8AB}"
EndProject
Project("{FAE04EC0-301F-11D3-BF4B-00C04F79EFBC}") = "UKHO.ADDS.Mocks.Management", "mock\UKHO.ADDS.Mocks.Management\UKHO.ADDS.Mocks.Management.csproj", "{88733170-5767-4B91-B466-7E323866FD7A}"
EndProject
Project("{FAE04EC0-301F-11D3-BF4B-00C04F79EFBC}") = "UKHO.ADDS.Management.ServiceDefaults", "src\Shell\UKHO.ADDS.Management.ServiceDefaults\UKHO.ADDS.Management.ServiceDefaults.csproj", "{462E20E2-FB7A-8FCA-C80E-51D86F20FECE}"
EndProject
Project("{FAE04EC0-301F-11D3-BF4B-00C04F79EFBC}") = "UKHO.ADDS.Management.AppHost", "src\Shell\UKHO.ADDS.Management.AppHost\UKHO.ADDS.Management.AppHost.csproj", "{83D13A1A-EBD5-9D43-75B4-9A2EA387EA71}"
EndProject
Project("{FAE04EC0-301F-11D3-BF4B-00C04F79EFBC}") = "UKHO.ADDS.Management.Modules.Samples", "src\Modules\UKHO.ADDS.Management.Modules.Samples\UKHO.ADDS.Management.Modules.Samples.csproj", "{3D294328-1567-45BB-A054-2F6152D6F02C}"
EndProject
Project("{2150E333-8FDC-42A3-9474-1A3956D46DE8}") = "@docs", "@docs", "{02EA681E-C7D8-13C7-8484-4AC65E1B71E8}"
	ProjectSection(SolutionItems) = preProject
		README.md = README.md
	EndProjectSection
EndProject
Project("{2150E333-8FDC-42A3-9474-1A3956D46DE8}") = "@test", "@test", "{544F8F8B-495C-4FB4-8136-77E66AA8ABCF}"
EndProject
Project("{FAE04EC0-301F-11D3-BF4B-00C04F79EFBC}") = "UKHO.ADDS.Management.Shell.Tests", "tests\Shell\UKHO.ADDS.Management.Shell.Tests\UKHO.ADDS.Management.Shell.Tests.csproj", "{0E435B7B-51FB-4068-1D10-CB2C226FC8B0}"
EndProject
Project("{FAE04EC0-301F-11D3-BF4B-00C04F79EFBC}") = "UKHO.ADDS.Management.Modules.FileShare", "src\Modules\UKHO.ADDS.Management.Modules.FileShare\UKHO.ADDS.Management.Modules.FileShare.csproj", "{D86B52DA-E834-425B-9206-44E6E272465E}"
EndProject
Project("{FAE04EC0-301F-11D3-BF4B-00C04F79EFBC}") = "UKHO.ADDS.Management.Modules.Permit", "src\Modules\UKHO.ADDS.Management.Modules.Permit\UKHO.ADDS.Management.Modules.Permit.csproj", "{4AE63445-BE46-4DA7-BA15-E9822D80E31C}"
EndProject
Global
	GlobalSection(SolutionConfigurationPlatforms) = preSolution
		Debug|Any CPU = Debug|Any CPU
		Debug|x64 = Debug|x64
		Debug|x86 = Debug|x86
		Release|Any CPU = Release|Any CPU
		Release|x64 = Release|x64
		Release|x86 = Release|x86
	EndGlobalSection
	GlobalSection(ProjectConfigurationPlatforms) = postSolution
		{1F6C8111-FF5B-47E0-B6CC-831E809FE8F1}.Debug|Any CPU.ActiveCfg = Debug|Any CPU
		{1F6C8111-FF5B-47E0-B6CC-831E809FE8F1}.Debug|Any CPU.Build.0 = Debug|Any CPU
		{1F6C8111-FF5B-47E0-B6CC-831E809FE8F1}.Debug|x64.ActiveCfg = Debug|Any CPU
		{1F6C8111-FF5B-47E0-B6CC-831E809FE8F1}.Debug|x64.Build.0 = Debug|Any CPU
		{1F6C8111-FF5B-47E0-B6CC-831E809FE8F1}.Debug|x86.ActiveCfg = Debug|Any CPU
		{1F6C8111-FF5B-47E0-B6CC-831E809FE8F1}.Debug|x86.Build.0 = Debug|Any CPU
		{1F6C8111-FF5B-47E0-B6CC-831E809FE8F1}.Release|Any CPU.ActiveCfg = Release|Any CPU
		{1F6C8111-FF5B-47E0-B6CC-831E809FE8F1}.Release|Any CPU.Build.0 = Release|Any CPU
		{1F6C8111-FF5B-47E0-B6CC-831E809FE8F1}.Release|x64.ActiveCfg = Release|Any CPU
		{1F6C8111-FF5B-47E0-B6CC-831E809FE8F1}.Release|x64.Build.0 = Release|Any CPU
		{1F6C8111-FF5B-47E0-B6CC-831E809FE8F1}.Release|x86.ActiveCfg = Release|Any CPU
		{1F6C8111-FF5B-47E0-B6CC-831E809FE8F1}.Release|x86.Build.0 = Release|Any CPU
		{D8D8B65A-9D1D-4F6F-BD19-0BCDD7A798D6}.Debug|Any CPU.ActiveCfg = Debug|Any CPU
		{D8D8B65A-9D1D-4F6F-BD19-0BCDD7A798D6}.Debug|Any CPU.Build.0 = Debug|Any CPU
		{D8D8B65A-9D1D-4F6F-BD19-0BCDD7A798D6}.Debug|x64.ActiveCfg = Debug|Any CPU
		{D8D8B65A-9D1D-4F6F-BD19-0BCDD7A798D6}.Debug|x64.Build.0 = Debug|Any CPU
		{D8D8B65A-9D1D-4F6F-BD19-0BCDD7A798D6}.Debug|x86.ActiveCfg = Debug|Any CPU
		{D8D8B65A-9D1D-4F6F-BD19-0BCDD7A798D6}.Debug|x86.Build.0 = Debug|Any CPU
		{D8D8B65A-9D1D-4F6F-BD19-0BCDD7A798D6}.Release|Any CPU.ActiveCfg = Release|Any CPU
		{D8D8B65A-9D1D-4F6F-BD19-0BCDD7A798D6}.Release|Any CPU.Build.0 = Release|Any CPU
		{D8D8B65A-9D1D-4F6F-BD19-0BCDD7A798D6}.Release|x64.ActiveCfg = Release|Any CPU
		{D8D8B65A-9D1D-4F6F-BD19-0BCDD7A798D6}.Release|x64.Build.0 = Release|Any CPU
		{D8D8B65A-9D1D-4F6F-BD19-0BCDD7A798D6}.Release|x86.ActiveCfg = Release|Any CPU
		{D8D8B65A-9D1D-4F6F-BD19-0BCDD7A798D6}.Release|x86.Build.0 = Release|Any CPU
		{A5527CD6-18A4-4AE8-9E53-544236720EB5}.Debug|Any CPU.ActiveCfg = Debug|Any CPU
		{A5527CD6-18A4-4AE8-9E53-544236720EB5}.Debug|Any CPU.Build.0 = Debug|Any CPU
		{A5527CD6-18A4-4AE8-9E53-544236720EB5}.Debug|x64.ActiveCfg = Debug|Any CPU
		{A5527CD6-18A4-4AE8-9E53-544236720EB5}.Debug|x64.Build.0 = Debug|Any CPU
		{A5527CD6-18A4-4AE8-9E53-544236720EB5}.Debug|x86.ActiveCfg = Debug|Any CPU
		{A5527CD6-18A4-4AE8-9E53-544236720EB5}.Debug|x86.Build.0 = Debug|Any CPU
		{A5527CD6-18A4-4AE8-9E53-544236720EB5}.Release|Any CPU.ActiveCfg = Release|Any CPU
		{A5527CD6-18A4-4AE8-9E53-544236720EB5}.Release|Any CPU.Build.0 = Release|Any CPU
		{A5527CD6-18A4-4AE8-9E53-544236720EB5}.Release|x64.ActiveCfg = Release|Any CPU
		{A5527CD6-18A4-4AE8-9E53-544236720EB5}.Release|x64.Build.0 = Release|Any CPU
		{A5527CD6-18A4-4AE8-9E53-544236720EB5}.Release|x86.ActiveCfg = Release|Any CPU
		{A5527CD6-18A4-4AE8-9E53-544236720EB5}.Release|x86.Build.0 = Release|Any CPU
		{0FE0F9B2-6DAB-439E-9B51-781236F9F8AB}.Debug|Any CPU.ActiveCfg = Debug|Any CPU
		{0FE0F9B2-6DAB-439E-9B51-781236F9F8AB}.Debug|Any CPU.Build.0 = Debug|Any CPU
		{0FE0F9B2-6DAB-439E-9B51-781236F9F8AB}.Debug|x64.ActiveCfg = Debug|Any CPU
		{0FE0F9B2-6DAB-439E-9B51-781236F9F8AB}.Debug|x64.Build.0 = Debug|Any CPU
		{0FE0F9B2-6DAB-439E-9B51-781236F9F8AB}.Debug|x86.ActiveCfg = Debug|Any CPU
		{0FE0F9B2-6DAB-439E-9B51-781236F9F8AB}.Debug|x86.Build.0 = Debug|Any CPU
		{0FE0F9B2-6DAB-439E-9B51-781236F9F8AB}.Release|Any CPU.ActiveCfg = Release|Any CPU
		{0FE0F9B2-6DAB-439E-9B51-781236F9F8AB}.Release|Any CPU.Build.0 = Release|Any CPU
		{0FE0F9B2-6DAB-439E-9B51-781236F9F8AB}.Release|x64.ActiveCfg = Release|Any CPU
		{0FE0F9B2-6DAB-439E-9B51-781236F9F8AB}.Release|x64.Build.0 = Release|Any CPU
		{0FE0F9B2-6DAB-439E-9B51-781236F9F8AB}.Release|x86.ActiveCfg = Release|Any CPU
		{0FE0F9B2-6DAB-439E-9B51-781236F9F8AB}.Release|x86.Build.0 = Release|Any CPU
		{88733170-5767-4B91-B466-7E323866FD7A}.Debug|Any CPU.ActiveCfg = Debug|Any CPU
		{88733170-5767-4B91-B466-7E323866FD7A}.Debug|Any CPU.Build.0 = Debug|Any CPU
		{88733170-5767-4B91-B466-7E323866FD7A}.Debug|x64.ActiveCfg = Debug|Any CPU
		{88733170-5767-4B91-B466-7E323866FD7A}.Debug|x64.Build.0 = Debug|Any CPU
		{88733170-5767-4B91-B466-7E323866FD7A}.Debug|x86.ActiveCfg = Debug|Any CPU
		{88733170-5767-4B91-B466-7E323866FD7A}.Debug|x86.Build.0 = Debug|Any CPU
		{88733170-5767-4B91-B466-7E323866FD7A}.Release|Any CPU.ActiveCfg = Release|Any CPU
		{88733170-5767-4B91-B466-7E323866FD7A}.Release|Any CPU.Build.0 = Release|Any CPU
		{88733170-5767-4B91-B466-7E323866FD7A}.Release|x64.ActiveCfg = Release|Any CPU
		{88733170-5767-4B91-B466-7E323866FD7A}.Release|x64.Build.0 = Release|Any CPU
		{88733170-5767-4B91-B466-7E323866FD7A}.Release|x86.ActiveCfg = Release|Any CPU
		{88733170-5767-4B91-B466-7E323866FD7A}.Release|x86.Build.0 = Release|Any CPU
		{462E20E2-FB7A-8FCA-C80E-51D86F20FECE}.Debug|Any CPU.ActiveCfg = Debug|Any CPU
		{462E20E2-FB7A-8FCA-C80E-51D86F20FECE}.Debug|Any CPU.Build.0 = Debug|Any CPU
		{462E20E2-FB7A-8FCA-C80E-51D86F20FECE}.Debug|x64.ActiveCfg = Debug|Any CPU
		{462E20E2-FB7A-8FCA-C80E-51D86F20FECE}.Debug|x64.Build.0 = Debug|Any CPU
		{462E20E2-FB7A-8FCA-C80E-51D86F20FECE}.Debug|x86.ActiveCfg = Debug|Any CPU
		{462E20E2-FB7A-8FCA-C80E-51D86F20FECE}.Debug|x86.Build.0 = Debug|Any CPU
		{462E20E2-FB7A-8FCA-C80E-51D86F20FECE}.Release|Any CPU.ActiveCfg = Release|Any CPU
		{462E20E2-FB7A-8FCA-C80E-51D86F20FECE}.Release|Any CPU.Build.0 = Release|Any CPU
		{462E20E2-FB7A-8FCA-C80E-51D86F20FECE}.Release|x64.ActiveCfg = Release|Any CPU
		{462E20E2-FB7A-8FCA-C80E-51D86F20FECE}.Release|x64.Build.0 = Release|Any CPU
		{462E20E2-FB7A-8FCA-C80E-51D86F20FECE}.Release|x86.ActiveCfg = Release|Any CPU
		{462E20E2-FB7A-8FCA-C80E-51D86F20FECE}.Release|x86.Build.0 = Release|Any CPU
		{83D13A1A-EBD5-9D43-75B4-9A2EA387EA71}.Debug|Any CPU.ActiveCfg = Debug|Any CPU
		{83D13A1A-EBD5-9D43-75B4-9A2EA387EA71}.Debug|Any CPU.Build.0 = Debug|Any CPU
		{83D13A1A-EBD5-9D43-75B4-9A2EA387EA71}.Debug|x64.ActiveCfg = Debug|Any CPU
		{83D13A1A-EBD5-9D43-75B4-9A2EA387EA71}.Debug|x64.Build.0 = Debug|Any CPU
		{83D13A1A-EBD5-9D43-75B4-9A2EA387EA71}.Debug|x86.ActiveCfg = Debug|Any CPU
		{83D13A1A-EBD5-9D43-75B4-9A2EA387EA71}.Debug|x86.Build.0 = Debug|Any CPU
		{83D13A1A-EBD5-9D43-75B4-9A2EA387EA71}.Release|Any CPU.ActiveCfg = Release|Any CPU
		{83D13A1A-EBD5-9D43-75B4-9A2EA387EA71}.Release|Any CPU.Build.0 = Release|Any CPU
		{83D13A1A-EBD5-9D43-75B4-9A2EA387EA71}.Release|x64.ActiveCfg = Release|Any CPU
		{83D13A1A-EBD5-9D43-75B4-9A2EA387EA71}.Release|x64.Build.0 = Release|Any CPU
		{83D13A1A-EBD5-9D43-75B4-9A2EA387EA71}.Release|x86.ActiveCfg = Release|Any CPU
		{83D13A1A-EBD5-9D43-75B4-9A2EA387EA71}.Release|x86.Build.0 = Release|Any CPU
		{3D294328-1567-45BB-A054-2F6152D6F02C}.Debug|Any CPU.ActiveCfg = Debug|Any CPU
		{3D294328-1567-45BB-A054-2F6152D6F02C}.Debug|Any CPU.Build.0 = Debug|Any CPU
		{3D294328-1567-45BB-A054-2F6152D6F02C}.Debug|x64.ActiveCfg = Debug|Any CPU
		{3D294328-1567-45BB-A054-2F6152D6F02C}.Debug|x64.Build.0 = Debug|Any CPU
		{3D294328-1567-45BB-A054-2F6152D6F02C}.Debug|x86.ActiveCfg = Debug|Any CPU
		{3D294328-1567-45BB-A054-2F6152D6F02C}.Debug|x86.Build.0 = Debug|Any CPU
		{3D294328-1567-45BB-A054-2F6152D6F02C}.Release|Any CPU.ActiveCfg = Release|Any CPU
		{3D294328-1567-45BB-A054-2F6152D6F02C}.Release|Any CPU.Build.0 = Release|Any CPU
		{3D294328-1567-45BB-A054-2F6152D6F02C}.Release|x64.ActiveCfg = Release|Any CPU
		{3D294328-1567-45BB-A054-2F6152D6F02C}.Release|x64.Build.0 = Release|Any CPU
		{3D294328-1567-45BB-A054-2F6152D6F02C}.Release|x86.ActiveCfg = Release|Any CPU
		{3D294328-1567-45BB-A054-2F6152D6F02C}.Release|x86.Build.0 = Release|Any CPU
		{0E435B7B-51FB-4068-1D10-CB2C226FC8B0}.Debug|Any CPU.ActiveCfg = Debug|Any CPU
		{0E435B7B-51FB-4068-1D10-CB2C226FC8B0}.Debug|Any CPU.Build.0 = Debug|Any CPU
		{0E435B7B-51FB-4068-1D10-CB2C226FC8B0}.Debug|x64.ActiveCfg = Debug|Any CPU
		{0E435B7B-51FB-4068-1D10-CB2C226FC8B0}.Debug|x64.Build.0 = Debug|Any CPU
		{0E435B7B-51FB-4068-1D10-CB2C226FC8B0}.Debug|x86.ActiveCfg = Debug|Any CPU
		{0E435B7B-51FB-4068-1D10-CB2C226FC8B0}.Debug|x86.Build.0 = Debug|Any CPU
		{0E435B7B-51FB-4068-1D10-CB2C226FC8B0}.Release|Any CPU.ActiveCfg = Release|Any CPU
		{0E435B7B-51FB-4068-1D10-CB2C226FC8B0}.Release|Any CPU.Build.0 = Release|Any CPU
		{0E435B7B-51FB-4068-1D10-CB2C226FC8B0}.Release|x64.ActiveCfg = Release|Any CPU
		{0E435B7B-51FB-4068-1D10-CB2C226FC8B0}.Release|x64.Build.0 = Release|Any CPU
		{0E435B7B-51FB-4068-1D10-CB2C226FC8B0}.Release|x86.ActiveCfg = Release|Any CPU
		{0E435B7B-51FB-4068-1D10-CB2C226FC8B0}.Release|x86.Build.0 = Release|Any CPU
		{D86B52DA-E834-425B-9206-44E6E272465E}.Debug|Any CPU.ActiveCfg = Debug|Any CPU
		{D86B52DA-E834-425B-9206-44E6E272465E}.Debug|Any CPU.Build.0 = Debug|Any CPU
		{D86B52DA-E834-425B-9206-44E6E272465E}.Debug|x64.ActiveCfg = Debug|Any CPU
		{D86B52DA-E834-425B-9206-44E6E272465E}.Debug|x64.Build.0 = Debug|Any CPU
		{D86B52DA-E834-425B-9206-44E6E272465E}.Debug|x86.ActiveCfg = Debug|Any CPU
		{D86B52DA-E834-425B-9206-44E6E272465E}.Debug|x86.Build.0 = Debug|Any CPU
		{D86B52DA-E834-425B-9206-44E6E272465E}.Release|Any CPU.ActiveCfg = Release|Any CPU
		{D86B52DA-E834-425B-9206-44E6E272465E}.Release|Any CPU.Build.0 = Release|Any CPU
		{D86B52DA-E834-425B-9206-44E6E272465E}.Release|x64.ActiveCfg = Release|Any CPU
		{D86B52DA-E834-425B-9206-44E6E272465E}.Release|x64.Build.0 = Release|Any CPU
		{D86B52DA-E834-425B-9206-44E6E272465E}.Release|x86.ActiveCfg = Release|Any CPU
		{D86B52DA-E834-425B-9206-44E6E272465E}.Release|x86.Build.0 = Release|Any CPU
		{4AE63445-BE46-4DA7-BA15-E9822D80E31C}.Debug|Any CPU.ActiveCfg = Debug|Any CPU
		{4AE63445-BE46-4DA7-BA15-E9822D80E31C}.Debug|Any CPU.Build.0 = Debug|Any CPU
		{4AE63445-BE46-4DA7-BA15-E9822D80E31C}.Debug|x64.ActiveCfg = Debug|Any CPU
		{4AE63445-BE46-4DA7-BA15-E9822D80E31C}.Debug|x64.Build.0 = Debug|Any CPU
		{4AE63445-BE46-4DA7-BA15-E9822D80E31C}.Debug|x86.ActiveCfg = Debug|Any CPU
		{4AE63445-BE46-4DA7-BA15-E9822D80E31C}.Debug|x86.Build.0 = Debug|Any CPU
		{4AE63445-BE46-4DA7-BA15-E9822D80E31C}.Release|Any CPU.ActiveCfg = Release|Any CPU
		{4AE63445-BE46-4DA7-BA15-E9822D80E31C}.Release|Any CPU.Build.0 = Release|Any CPU
		{4AE63445-BE46-4DA7-BA15-E9822D80E31C}.Release|x64.ActiveCfg = Release|Any CPU
		{4AE63445-BE46-4DA7-BA15-E9822D80E31C}.Release|x64.Build.0 = Release|Any CPU
		{4AE63445-BE46-4DA7-BA15-E9822D80E31C}.Release|x86.ActiveCfg = Release|Any CPU
		{4AE63445-BE46-4DA7-BA15-E9822D80E31C}.Release|x86.Build.0 = Release|Any CPU
	EndGlobalSection
	GlobalSection(SolutionProperties) = preSolution
		HideSolutionNode = FALSE
	EndGlobalSection
	GlobalSection(NestedProjects) = preSolution
		{04859EFB-024C-4BB7-9199-C52F22B616F5} = {BFFB7EE8-99A4-472C-9DD5-9042044E05D1}
		{1F6C8111-FF5B-47E0-B6CC-831E809FE8F1} = {BFFB7EE8-99A4-472C-9DD5-9042044E05D1}
		{D8D8B65A-9D1D-4F6F-BD19-0BCDD7A798D6} = {BFFB7EE8-99A4-472C-9DD5-9042044E05D1}
		{A5527CD6-18A4-4AE8-9E53-544236720EB5} = {BFFB7EE8-99A4-472C-9DD5-9042044E05D1}
		{0FE0F9B2-6DAB-439E-9B51-781236F9F8AB} = {A69C852C-368A-4E76-945B-E2E55B59EF8A}
		{88733170-5767-4B91-B466-7E323866FD7A} = {A69C852C-368A-4E76-945B-E2E55B59EF8A}
		{462E20E2-FB7A-8FCA-C80E-51D86F20FECE} = {04859EFB-024C-4BB7-9199-C52F22B616F5}
		{83D13A1A-EBD5-9D43-75B4-9A2EA387EA71} = {04859EFB-024C-4BB7-9199-C52F22B616F5}
		{3D294328-1567-45BB-A054-2F6152D6F02C} = {C41592FD-8877-4386-A421-543DBFCBB5CC}
		{0E435B7B-51FB-4068-1D10-CB2C226FC8B0} = {544F8F8B-495C-4FB4-8136-77E66AA8ABCF}
		{D86B52DA-E834-425B-9206-44E6E272465E} = {C41592FD-8877-4386-A421-543DBFCBB5CC}
		{4AE63445-BE46-4DA7-BA15-E9822D80E31C} = {C41592FD-8877-4386-A421-543DBFCBB5CC}
	EndGlobalSection
	GlobalSection(ExtensibilityGlobals) = postSolution
		SolutionGuid = {47B880CB-C6C9-4932-8E6B-C4CDCF5DAB63}
	EndGlobalSection
EndGlobal
